// !$*UTF8*$!
{
	archiveVersion = 1;
	classes = {
	};
	objectVersion = 46;
	objects = {

/* Begin PBXBuildFile section */
		FD05C6831F0F7E53002DD897 /* PhotoCollectionViewLayout.swift in Sources */ = {isa = PBXBuildFile; fileRef = FD05C6821F0F7E53002DD897 /* PhotoCollectionViewLayout.swift */; };
		FD75309C1F0F35390077237B /* PhotoCollectionViewTests.swift in Sources */ = {isa = PBXBuildFile; fileRef = FD75309B1F0F35390077237B /* PhotoCollectionViewTests.swift */; };
		FD7530A71F0F35390077237B /* PhotoCollectionViewUITests.swift in Sources */ = {isa = PBXBuildFile; fileRef = FD7530A61F0F35390077237B /* PhotoCollectionViewUITests.swift */; };
		FD7530C61F0F36AA0077237B /* AppDelegate.swift in Sources */ = {isa = PBXBuildFile; fileRef = FD7530BE1F0F36AA0077237B /* AppDelegate.swift */; };
		FD7530C71F0F36AA0077237B /* Assets.xcassets in Resources */ = {isa = PBXBuildFile; fileRef = FD7530BF1F0F36AA0077237B /* Assets.xcassets */; };
		FD7530C81F0F36AA0077237B /* LaunchScreen.storyboard in Resources */ = {isa = PBXBuildFile; fileRef = FD7530C01F0F36AA0077237B /* LaunchScreen.storyboard */; };
		FD7530C91F0F36AA0077237B /* Main.storyboard in Resources */ = {isa = PBXBuildFile; fileRef = FD7530C21F0F36AA0077237B /* Main.storyboard */; };
		FD7530CA1F0F36AA0077237B /* Info.plist in Resources */ = {isa = PBXBuildFile; fileRef = FD7530C41F0F36AA0077237B /* Info.plist */; };
		FD7530CB1F0F36AA0077237B /* ViewController.swift in Sources */ = {isa = PBXBuildFile; fileRef = FD7530C51F0F36AA0077237B /* ViewController.swift */; };
		FD7530D61F0F3CEB0077237B /* PhotoCollectionViewCell.swift in Sources */ = {isa = PBXBuildFile; fileRef = FD7530D51F0F3CEB0077237B /* PhotoCollectionViewCell.swift */; };
		FD7530D81F0F406E0077237B /* PhotoCollectionView.swift in Sources */ = {isa = PBXBuildFile; fileRef = FD7530D71F0F406E0077237B /* PhotoCollectionView.swift */; };
/* End PBXBuildFile section */

/* Begin PBXContainerItemProxy section */
		FD7530981F0F35390077237B /* PBXContainerItemProxy */ = {
			isa = PBXContainerItemProxy;
			containerPortal = FD75307B1F0F35380077237B /* Project object */;
			proxyType = 1;
			remoteGlobalIDString = FD7530821F0F35380077237B;
			remoteInfo = PhotoCollectionView;
		};
		FD7530A31F0F35390077237B /* PBXContainerItemProxy */ = {
			isa = PBXContainerItemProxy;
			containerPortal = FD75307B1F0F35380077237B /* Project object */;
			proxyType = 1;
			remoteGlobalIDString = FD7530821F0F35380077237B;
			remoteInfo = PhotoCollectionView;
		};
/* End PBXContainerItemProxy section */

/* Begin PBXFileReference section */
		FD05C6821F0F7E53002DD897 /* PhotoCollectionViewLayout.swift */ = {isa = PBXFileReference; fileEncoding = 4; lastKnownFileType = sourcecode.swift; name = PhotoCollectionViewLayout.swift; path = PhotoCollectionView/PhotoCollectionViewLayout.swift; sourceTree = "<group>"; };
		FD7530831F0F35380077237B /* PhotoCollectionView.app */ = {isa = PBXFileReference; explicitFileType = wrapper.application; includeInIndex = 0; path = PhotoCollectionView.app; sourceTree = BUILT_PRODUCTS_DIR; };
		FD7530971F0F35390077237B /* PhotoCollectionViewTests.xctest */ = {isa = PBXFileReference; explicitFileType = wrapper.cfbundle; includeInIndex = 0; path = PhotoCollectionViewTests.xctest; sourceTree = BUILT_PRODUCTS_DIR; };
		FD75309B1F0F35390077237B /* PhotoCollectionViewTests.swift */ = {isa = PBXFileReference; lastKnownFileType = sourcecode.swift; path = PhotoCollectionViewTests.swift; sourceTree = "<group>"; };
		FD75309D1F0F35390077237B /* Info.plist */ = {isa = PBXFileReference; lastKnownFileType = text.plist.xml; path = Info.plist; sourceTree = "<group>"; };
		FD7530A21F0F35390077237B /* PhotoCollectionViewUITests.xctest */ = {isa = PBXFileReference; explicitFileType = wrapper.cfbundle; includeInIndex = 0; path = PhotoCollectionViewUITests.xctest; sourceTree = BUILT_PRODUCTS_DIR; };
		FD7530A61F0F35390077237B /* PhotoCollectionViewUITests.swift */ = {isa = PBXFileReference; lastKnownFileType = sourcecode.swift; path = PhotoCollectionViewUITests.swift; sourceTree = "<group>"; };
		FD7530A81F0F35390077237B /* Info.plist */ = {isa = PBXFileReference; lastKnownFileType = text.plist.xml; path = Info.plist; sourceTree = "<group>"; };
		FD7530BE1F0F36AA0077237B /* AppDelegate.swift */ = {isa = PBXFileReference; fileEncoding = 4; lastKnownFileType = sourcecode.swift; path = AppDelegate.swift; sourceTree = "<group>"; };
		FD7530BF1F0F36AA0077237B /* Assets.xcassets */ = {isa = PBXFileReference; lastKnownFileType = folder.assetcatalog; path = Assets.xcassets; sourceTree = "<group>"; };
		FD7530C11F0F36AA0077237B /* Base */ = {isa = PBXFileReference; lastKnownFileType = file.storyboard; name = Base; path = Base.lproj/LaunchScreen.storyboard; sourceTree = "<group>"; };
		FD7530C31F0F36AA0077237B /* Base */ = {isa = PBXFileReference; lastKnownFileType = file.storyboard; name = Base; path = Base.lproj/Main.storyboard; sourceTree = "<group>"; };
		FD7530C41F0F36AA0077237B /* Info.plist */ = {isa = PBXFileReference; fileEncoding = 4; lastKnownFileType = text.plist.xml; path = Info.plist; sourceTree = "<group>"; };
		FD7530C51F0F36AA0077237B /* ViewController.swift */ = {isa = PBXFileReference; fileEncoding = 4; lastKnownFileType = sourcecode.swift; path = ViewController.swift; sourceTree = "<group>"; };
		FD7530D51F0F3CEB0077237B /* PhotoCollectionViewCell.swift */ = {isa = PBXFileReference; fileEncoding = 4; lastKnownFileType = sourcecode.swift; name = PhotoCollectionViewCell.swift; path = PhotoCollectionView/PhotoCollectionViewCell.swift; sourceTree = "<group>"; };
		FD7530D71F0F406E0077237B /* PhotoCollectionView.swift */ = {isa = PBXFileReference; fileEncoding = 4; lastKnownFileType = sourcecode.swift; name = PhotoCollectionView.swift; path = PhotoCollectionView/PhotoCollectionView.swift; sourceTree = "<group>"; };
/* End PBXFileReference section */

/* Begin PBXFrameworksBuildPhase section */
		FD7530801F0F35380077237B /* Frameworks */ = {
			isa = PBXFrameworksBuildPhase;
			buildActionMask = 2147483647;
			files = (
			);
			runOnlyForDeploymentPostprocessing = 0;
		};
		FD7530941F0F35390077237B /* Frameworks */ = {
			isa = PBXFrameworksBuildPhase;
			buildActionMask = 2147483647;
			files = (
			);
			runOnlyForDeploymentPostprocessing = 0;
		};
		FD75309F1F0F35390077237B /* Frameworks */ = {
			isa = PBXFrameworksBuildPhase;
			buildActionMask = 2147483647;
			files = (
			);
			runOnlyForDeploymentPostprocessing = 0;
		};
/* End PBXFrameworksBuildPhase section */

/* Begin PBXGroup section */
		FD75307A1F0F35380077237B = {
			isa = PBXGroup;
			children = (
				FD7530CC1F0F36C30077237B /* PhotoCollectionView */,
				FD7530851F0F35380077237B /* PhotoCollectionViewExample */,
				FD75309A1F0F35390077237B /* PhotoCollectionViewTests */,
				FD7530A51F0F35390077237B /* PhotoCollectionViewUITests */,
				FD7530841F0F35380077237B /* Products */,
			);
			sourceTree = "<group>";
		};
		FD7530841F0F35380077237B /* Products */ = {
			isa = PBXGroup;
			children = (
				FD7530831F0F35380077237B /* PhotoCollectionView.app */,
				FD7530971F0F35390077237B /* PhotoCollectionViewTests.xctest */,
				FD7530A21F0F35390077237B /* PhotoCollectionViewUITests.xctest */,
			);
			name = Products;
			sourceTree = "<group>";
		};
		FD7530851F0F35380077237B /* PhotoCollectionViewExample */ = {
			isa = PBXGroup;
			children = (
				FD7530BE1F0F36AA0077237B /* AppDelegate.swift */,
				FD7530BF1F0F36AA0077237B /* Assets.xcassets */,
				FD7530C01F0F36AA0077237B /* LaunchScreen.storyboard */,
				FD7530C21F0F36AA0077237B /* Main.storyboard */,
				FD7530C41F0F36AA0077237B /* Info.plist */,
				FD7530C51F0F36AA0077237B /* ViewController.swift */,
			);
			name = PhotoCollectionViewExample;
			path = PhotoCollectionView;
			sourceTree = "<group>";
		};
		FD75309A1F0F35390077237B /* PhotoCollectionViewTests */ = {
			isa = PBXGroup;
			children = (
				FD75309B1F0F35390077237B /* PhotoCollectionViewTests.swift */,
				FD75309D1F0F35390077237B /* Info.plist */,
			);
			path = PhotoCollectionViewTests;
			sourceTree = "<group>";
		};
		FD7530A51F0F35390077237B /* PhotoCollectionViewUITests */ = {
			isa = PBXGroup;
			children = (
				FD7530A61F0F35390077237B /* PhotoCollectionViewUITests.swift */,
				FD7530A81F0F35390077237B /* Info.plist */,
			);
			path = PhotoCollectionViewUITests;
			sourceTree = "<group>";
		};
		FD7530CC1F0F36C30077237B /* PhotoCollectionView */ = {
			isa = PBXGroup;
			children = (
				FD05C6821F0F7E53002DD897 /* PhotoCollectionViewLayout.swift */,
				FD7530D51F0F3CEB0077237B /* PhotoCollectionViewCell.swift */,
				FD7530D71F0F406E0077237B /* PhotoCollectionView.swift */,
			);
			name = PhotoCollectionView;
			sourceTree = "<group>";
		};
/* End PBXGroup section */

/* Begin PBXNativeTarget section */
		FD7530821F0F35380077237B /* PhotoCollectionView */ = {
			isa = PBXNativeTarget;
			buildConfigurationList = FD7530AB1F0F35390077237B /* Build configuration list for PBXNativeTarget "PhotoCollectionView" */;
			buildPhases = (
				FD75307F1F0F35380077237B /* Sources */,
				FD7530801F0F35380077237B /* Frameworks */,
				FD7530811F0F35380077237B /* Resources */,
			);
			buildRules = (
			);
			dependencies = (
			);
			name = PhotoCollectionView;
			productName = PhotoCollectionView;
			productReference = FD7530831F0F35380077237B /* PhotoCollectionView.app */;
			productType = "com.apple.product-type.application";
		};
		FD7530961F0F35390077237B /* PhotoCollectionViewTests */ = {
			isa = PBXNativeTarget;
			buildConfigurationList = FD7530AE1F0F35390077237B /* Build configuration list for PBXNativeTarget "PhotoCollectionViewTests" */;
			buildPhases = (
				FD7530931F0F35390077237B /* Sources */,
				FD7530941F0F35390077237B /* Frameworks */,
				FD7530951F0F35390077237B /* Resources */,
			);
			buildRules = (
			);
			dependencies = (
				FD7530991F0F35390077237B /* PBXTargetDependency */,
			);
			name = PhotoCollectionViewTests;
			productName = PhotoCollectionViewTests;
			productReference = FD7530971F0F35390077237B /* PhotoCollectionViewTests.xctest */;
			productType = "com.apple.product-type.bundle.unit-test";
		};
		FD7530A11F0F35390077237B /* PhotoCollectionViewUITests */ = {
			isa = PBXNativeTarget;
			buildConfigurationList = FD7530B11F0F35390077237B /* Build configuration list for PBXNativeTarget "PhotoCollectionViewUITests" */;
			buildPhases = (
				FD75309E1F0F35390077237B /* Sources */,
				FD75309F1F0F35390077237B /* Frameworks */,
				FD7530A01F0F35390077237B /* Resources */,
			);
			buildRules = (
			);
			dependencies = (
				FD7530A41F0F35390077237B /* PBXTargetDependency */,
			);
			name = PhotoCollectionViewUITests;
			productName = PhotoCollectionViewUITests;
			productReference = FD7530A21F0F35390077237B /* PhotoCollectionViewUITests.xctest */;
			productType = "com.apple.product-type.bundle.ui-testing";
		};
/* End PBXNativeTarget section */

/* Begin PBXProject section */
		FD75307B1F0F35380077237B /* Project object */ = {
			isa = PBXProject;
			attributes = {
				LastSwiftUpdateCheck = 0830;
				LastUpgradeCheck = 0830;
				ORGANIZATIONNAME = "Minh Luan Tran";
				TargetAttributes = {
					FD7530821F0F35380077237B = {
						CreatedOnToolsVersion = 8.3.2;
						LastSwiftMigration = 0830;
						ProvisioningStyle = Automatic;
					};
					FD7530961F0F35390077237B = {
						CreatedOnToolsVersion = 8.3.2;
						ProvisioningStyle = Automatic;
						TestTargetID = FD7530821F0F35380077237B;
					};
					FD7530A11F0F35390077237B = {
						CreatedOnToolsVersion = 8.3.2;
						ProvisioningStyle = Automatic;
						TestTargetID = FD7530821F0F35380077237B;
					};
				};
			};
			buildConfigurationList = FD75307E1F0F35380077237B /* Build configuration list for PBXProject "PhotoCollectionView" */;
			compatibilityVersion = "Xcode 3.2";
			developmentRegion = English;
			hasScannedForEncodings = 0;
			knownRegions = (
				en,
				Base,
			);
			mainGroup = FD75307A1F0F35380077237B;
			productRefGroup = FD7530841F0F35380077237B /* Products */;
			projectDirPath = "";
			projectRoot = "";
			targets = (
				FD7530821F0F35380077237B /* PhotoCollectionView */,
				FD7530961F0F35390077237B /* PhotoCollectionViewTests */,
				FD7530A11F0F35390077237B /* PhotoCollectionViewUITests */,
			);
		};
/* End PBXProject section */

/* Begin PBXResourcesBuildPhase section */
		FD7530811F0F35380077237B /* Resources */ = {
			isa = PBXResourcesBuildPhase;
			buildActionMask = 2147483647;
			files = (
				FD7530CA1F0F36AA0077237B /* Info.plist in Resources */,
				FD7530C91F0F36AA0077237B /* Main.storyboard in Resources */,
				FD7530C71F0F36AA0077237B /* Assets.xcassets in Resources */,
				FD7530C81F0F36AA0077237B /* LaunchScreen.storyboard in Resources */,
			);
			runOnlyForDeploymentPostprocessing = 0;
		};
		FD7530951F0F35390077237B /* Resources */ = {
			isa = PBXResourcesBuildPhase;
			buildActionMask = 2147483647;
			files = (
			);
			runOnlyForDeploymentPostprocessing = 0;
		};
		FD7530A01F0F35390077237B /* Resources */ = {
			isa = PBXResourcesBuildPhase;
			buildActionMask = 2147483647;
			files = (
			);
			runOnlyForDeploymentPostprocessing = 0;
		};
/* End PBXResourcesBuildPhase section */

/* Begin PBXSourcesBuildPhase section */
		FD75307F1F0F35380077237B /* Sources */ = {
			isa = PBXSourcesBuildPhase;
			buildActionMask = 2147483647;
			files = (
				FD7530CB1F0F36AA0077237B /* ViewController.swift in Sources */,
				FD7530D81F0F406E0077237B /* PhotoCollectionView.swift in Sources */,
				FD7530C61F0F36AA0077237B /* AppDelegate.swift in Sources */,
				FD05C6831F0F7E53002DD897 /* PhotoCollectionViewLayout.swift in Sources */,
				FD7530D61F0F3CEB0077237B /* PhotoCollectionViewCell.swift in Sources */,
			);
			runOnlyForDeploymentPostprocessing = 0;
		};
		FD7530931F0F35390077237B /* Sources */ = {
			isa = PBXSourcesBuildPhase;
			buildActionMask = 2147483647;
			files = (
				FD75309C1F0F35390077237B /* PhotoCollectionViewTests.swift in Sources */,
			);
			runOnlyForDeploymentPostprocessing = 0;
		};
		FD75309E1F0F35390077237B /* Sources */ = {
			isa = PBXSourcesBuildPhase;
			buildActionMask = 2147483647;
			files = (
				FD7530A71F0F35390077237B /* PhotoCollectionViewUITests.swift in Sources */,
			);
			runOnlyForDeploymentPostprocessing = 0;
		};
/* End PBXSourcesBuildPhase section */

/* Begin PBXTargetDependency section */
		FD7530991F0F35390077237B /* PBXTargetDependency */ = {
			isa = PBXTargetDependency;
			target = FD7530821F0F35380077237B /* PhotoCollectionView */;
			targetProxy = FD7530981F0F35390077237B /* PBXContainerItemProxy */;
		};
		FD7530A41F0F35390077237B /* PBXTargetDependency */ = {
			isa = PBXTargetDependency;
			target = FD7530821F0F35380077237B /* PhotoCollectionView */;
			targetProxy = FD7530A31F0F35390077237B /* PBXContainerItemProxy */;
		};
/* End PBXTargetDependency section */

/* Begin PBXVariantGroup section */
		FD7530C01F0F36AA0077237B /* LaunchScreen.storyboard */ = {
			isa = PBXVariantGroup;
			children = (
				FD7530C11F0F36AA0077237B /* Base */,
			);
			name = LaunchScreen.storyboard;
			sourceTree = "<group>";
		};
		FD7530C21F0F36AA0077237B /* Main.storyboard */ = {
			isa = PBXVariantGroup;
			children = (
				FD7530C31F0F36AA0077237B /* Base */,
			);
			name = Main.storyboard;
			sourceTree = "<group>";
		};
/* End PBXVariantGroup section */

/* Begin XCBuildConfiguration section */
		FD7530A91F0F35390077237B /* Debug */ = {
			isa = XCBuildConfiguration;
			buildSettings = {
				ALWAYS_SEARCH_USER_PATHS = NO;
				CLANG_ANALYZER_NONNULL = YES;
				CLANG_ANALYZER_NUMBER_OBJECT_CONVERSION = YES_AGGRESSIVE;
				CLANG_CXX_LANGUAGE_STANDARD = "gnu++0x";
				CLANG_CXX_LIBRARY = "libc++";
				CLANG_ENABLE_MODULES = YES;
				CLANG_ENABLE_OBJC_ARC = YES;
				CLANG_WARN_BOOL_CONVERSION = YES;
				CLANG_WARN_CONSTANT_CONVERSION = YES;
				CLANG_WARN_DIRECT_OBJC_ISA_USAGE = YES_ERROR;
				CLANG_WARN_DOCUMENTATION_COMMENTS = YES;
				CLANG_WARN_EMPTY_BODY = YES;
				CLANG_WARN_ENUM_CONVERSION = YES;
				CLANG_WARN_INFINITE_RECURSION = YES;
				CLANG_WARN_INT_CONVERSION = YES;
				CLANG_WARN_OBJC_ROOT_CLASS = YES_ERROR;
				CLANG_WARN_SUSPICIOUS_MOVE = YES;
				CLANG_WARN_UNREACHABLE_CODE = YES;
				CLANG_WARN__DUPLICATE_METHOD_MATCH = YES;
				"CODE_SIGN_IDENTITY[sdk=iphoneos*]" = "iPhone Developer";
				COPY_PHASE_STRIP = NO;
				DEBUG_INFORMATION_FORMAT = dwarf;
				ENABLE_STRICT_OBJC_MSGSEND = YES;
				ENABLE_TESTABILITY = YES;
				GCC_C_LANGUAGE_STANDARD = gnu99;
				GCC_DYNAMIC_NO_PIC = NO;
				GCC_NO_COMMON_BLOCKS = YES;
				GCC_OPTIMIZATION_LEVEL = 0;
				GCC_PREPROCESSOR_DEFINITIONS = (
					"DEBUG=1",
					"$(inherited)",
				);
				GCC_WARN_64_TO_32_BIT_CONVERSION = YES;
				GCC_WARN_ABOUT_RETURN_TYPE = YES_ERROR;
				GCC_WARN_UNDECLARED_SELECTOR = YES;
				GCC_WARN_UNINITIALIZED_AUTOS = YES_AGGRESSIVE;
				GCC_WARN_UNUSED_FUNCTION = YES;
				GCC_WARN_UNUSED_VARIABLE = YES;
				IPHONEOS_DEPLOYMENT_TARGET = 10.3;
				MTL_ENABLE_DEBUG_INFO = YES;
				ONLY_ACTIVE_ARCH = YES;
				SDKROOT = iphoneos;
				SWIFT_ACTIVE_COMPILATION_CONDITIONS = DEBUG;
				SWIFT_OPTIMIZATION_LEVEL = "-Onone";
				TARGETED_DEVICE_FAMILY = "1,2";
			};
			name = Debug;
		};
		FD7530AA1F0F35390077237B /* Release */ = {
			isa = XCBuildConfiguration;
			buildSettings = {
				ALWAYS_SEARCH_USER_PATHS = NO;
				CLANG_ANALYZER_NONNULL = YES;
				CLANG_ANALYZER_NUMBER_OBJECT_CONVERSION = YES_AGGRESSIVE;
				CLANG_CXX_LANGUAGE_STANDARD = "gnu++0x";
				CLANG_CXX_LIBRARY = "libc++";
				CLANG_ENABLE_MODULES = YES;
				CLANG_ENABLE_OBJC_ARC = YES;
				CLANG_WARN_BOOL_CONVERSION = YES;
				CLANG_WARN_CONSTANT_CONVERSION = YES;
				CLANG_WARN_DIRECT_OBJC_ISA_USAGE = YES_ERROR;
				CLANG_WARN_DOCUMENTATION_COMMENTS = YES;
				CLANG_WARN_EMPTY_BODY = YES;
				CLANG_WARN_ENUM_CONVERSION = YES;
				CLANG_WARN_INFINITE_RECURSION = YES;
				CLANG_WARN_INT_CONVERSION = YES;
				CLANG_WARN_OBJC_ROOT_CLASS = YES_ERROR;
				CLANG_WARN_SUSPICIOUS_MOVE = YES;
				CLANG_WARN_UNREACHABLE_CODE = YES;
				CLANG_WARN__DUPLICATE_METHOD_MATCH = YES;
				"CODE_SIGN_IDENTITY[sdk=iphoneos*]" = "iPhone Developer";
				COPY_PHASE_STRIP = NO;
				DEBUG_INFORMATION_FORMAT = "dwarf-with-dsym";
				ENABLE_NS_ASSERTIONS = NO;
				ENABLE_STRICT_OBJC_MSGSEND = YES;
				GCC_C_LANGUAGE_STANDARD = gnu99;
				GCC_NO_COMMON_BLOCKS = YES;
				GCC_WARN_64_TO_32_BIT_CONVERSION = YES;
				GCC_WARN_ABOUT_RETURN_TYPE = YES_ERROR;
				GCC_WARN_UNDECLARED_SELECTOR = YES;
				GCC_WARN_UNINITIALIZED_AUTOS = YES_AGGRESSIVE;
				GCC_WARN_UNUSED_FUNCTION = YES;
				GCC_WARN_UNUSED_VARIABLE = YES;
				IPHONEOS_DEPLOYMENT_TARGET = 10.3;
				MTL_ENABLE_DEBUG_INFO = NO;
				SDKROOT = iphoneos;
				SWIFT_OPTIMIZATION_LEVEL = "-Owholemodule";
				TARGETED_DEVICE_FAMILY = "1,2";
				VALIDATE_PRODUCT = YES;
			};
			name = Release;
		};
		FD7530AC1F0F35390077237B /* Debug */ = {
			isa = XCBuildConfiguration;
			buildSettings = {
				ASSETCATALOG_COMPILER_APPICON_NAME = AppIcon;
				CLANG_ENABLE_MODULES = YES;
				INFOPLIST_FILE = PhotoCollectionView/Info.plist;
				IPHONEOS_DEPLOYMENT_TARGET = 9.0;
				LD_RUNPATH_SEARCH_PATHS = "$(inherited) @executable_path/Frameworks";
				PRODUCT_BUNDLE_IDENTIFIER = com.noblakit01.PhotoCollectionView;
				PRODUCT_NAME = "$(TARGET_NAME)";
				SWIFT_OPTIMIZATION_LEVEL = "-Onone";
				SWIFT_VERSION = 3.0;
			};
			name = Debug;
		};
		FD7530AD1F0F35390077237B /* Release */ = {
			isa = XCBuildConfiguration;
			buildSettings = {
				ASSETCATALOG_COMPILER_APPICON_NAME = AppIcon;
				CLANG_ENABLE_MODULES = YES;
				INFOPLIST_FILE = PhotoCollectionView/Info.plist;
				IPHONEOS_DEPLOYMENT_TARGET = 9.0;
				LD_RUNPATH_SEARCH_PATHS = "$(inherited) @executable_path/Frameworks";
				PRODUCT_BUNDLE_IDENTIFIER = com.noblakit01.PhotoCollectionView;
				PRODUCT_NAME = "$(TARGET_NAME)";
				SWIFT_VERSION = 3.0;
			};
			name = Release;
		};
		FD7530AF1F0F35390077237B /* Debug */ = {
			isa = XCBuildConfiguration;
			buildSettings = {
				ALWAYS_EMBED_SWIFT_STANDARD_LIBRARIES = YES;
				BUNDLE_LOADER = "$(TEST_HOST)";
				INFOPLIST_FILE = PhotoCollectionViewTests/Info.plist;
				LD_RUNPATH_SEARCH_PATHS = "$(inherited) @executable_path/Frameworks @loader_path/Frameworks";
				PRODUCT_BUNDLE_IDENTIFIER = com.noblakit01.photoCollectionView.PhotoCollectionViewTests;
				PRODUCT_NAME = "$(TARGET_NAME)";
				SWIFT_VERSION = 3.0;
				TEST_HOST = "$(BUILT_PRODUCTS_DIR)/PhotoCollectionView.app/PhotoCollectionView";
			};
			name = Debug;
		};
		FD7530B01F0F35390077237B /* Release */ = {
			isa = XCBuildConfiguration;
			buildSettings = {
				ALWAYS_EMBED_SWIFT_STANDARD_LIBRARIES = YES;
				BUNDLE_LOADER = "$(TEST_HOST)";
				INFOPLIST_FILE = PhotoCollectionViewTests/Info.plist;
				LD_RUNPATH_SEARCH_PATHS = "$(inherited) @executable_path/Frameworks @loader_path/Frameworks";
				PRODUCT_BUNDLE_IDENTIFIER = com.noblakit01.photoCollectionView.PhotoCollectionViewTests;
				PRODUCT_NAME = "$(TARGET_NAME)";
				SWIFT_VERSION = 3.0;
				TEST_HOST = "$(BUILT_PRODUCTS_DIR)/PhotoCollectionView.app/PhotoCollectionView";
			};
			name = Release;
		};
		FD7530B21F0F35390077237B /* Debug */ = {
			isa = XCBuildConfiguration;
			buildSettings = {
				ALWAYS_EMBED_SWIFT_STANDARD_LIBRARIES = YES;
				INFOPLIST_FILE = PhotoCollectionViewUITests/Info.plist;
				LD_RUNPATH_SEARCH_PATHS = "$(inherited) @executable_path/Frameworks @loader_path/Frameworks";
				PRODUCT_BUNDLE_IDENTIFIER = com.noblakit01.photoCollectionView.PhotoCollectionViewUITests;
				PRODUCT_NAME = "$(TARGET_NAME)";
				SWIFT_VERSION = 3.0;
				TEST_TARGET_NAME = PhotoCollectionView;
			};
			name = Debug;
		};
		FD7530B31F0F35390077237B /* Release */ = {
			isa = XCBuildConfiguration;
			buildSettings = {
				ALWAYS_EMBED_SWIFT_STANDARD_LIBRARIES = YES;
				INFOPLIST_FILE = PhotoCollectionViewUITests/Info.plist;
				LD_RUNPATH_SEARCH_PATHS = "$(inherited) @executable_path/Frameworks @loader_path/Frameworks";
				PRODUCT_BUNDLE_IDENTIFIER = com.noblakit01.photoCollectionView.PhotoCollectionViewUITests;
				PRODUCT_NAME = "$(TARGET_NAME)";
				SWIFT_VERSION = 3.0;
				TEST_TARGET_NAME = PhotoCollectionView;
			};
			name = Release;
		};
/* End XCBuildConfiguration section */

/* Begin XCConfigurationList section */
		FD75307E1F0F35380077237B /* Build configuration list for PBXProject "PhotoCollectionView" */ = {
			isa = XCConfigurationList;
			buildConfigurations = (
				FD7530A91F0F35390077237B /* Debug */,
				FD7530AA1F0F35390077237B /* Release */,
			);
			defaultConfigurationIsVisible = 0;
			defaultConfigurationName = Release;
		};
		FD7530AB1F0F35390077237B /* Build configuration list for PBXNativeTarget "PhotoCollectionView" */ = {
			isa = XCConfigurationList;
			buildConfigurations = (
				FD7530AC1F0F35390077237B /* Debug */,
				FD7530AD1F0F35390077237B /* Release */,
			);
			defaultConfigurationIsVisible = 0;
			defaultConfigurationName = Release;
		};
		FD7530AE1F0F35390077237B /* Build configuration list for PBXNativeTarget "PhotoCollectionViewTests" */ = {
			isa = XCConfigurationList;
			buildConfigurations = (
				FD7530AF1F0F35390077237B /* Debug */,
				FD7530B01F0F35390077237B /* Release */,
			);
			defaultConfigurationIsVisible = 0;
			defaultConfigurationName = Release;
		};
		FD7530B11F0F35390077237B /* Build configuration list for PBXNativeTarget "PhotoCollectionViewUITests" */ = {
			isa = XCConfigurationList;
			buildConfigurations = (
				FD7530B21F0F35390077237B /* Debug */,
				FD7530B31F0F35390077237B /* Release */,
			);
			defaultConfigurationIsVisible = 0;
			defaultConfigurationName = Release;
		};
/* End XCConfigurationList section */
	};
	rootObject = FD75307B1F0F35380077237B /* Project object */;
}
