// !$*UTF8*$!
{
	archiveVersion = 1;
	classes = {
	};
	objectVersion = 46;
	objects = {

/* Begin PBXBuildFile section */
		0F173C581F113F1300AD3225 /* PhotoCollectionView.swift in Sources */ = {isa = PBXBuildFile; fileRef = 0F173C561F113F1300AD3225 /* PhotoCollectionView.swift */; };
		0F173C591F113F1300AD3225 /* PhotoView.swift in Sources */ = {isa = PBXBuildFile; fileRef = 0F173C571F113F1300AD3225 /* PhotoView.swift */; };
		0F37EC351F113E7F00A57341 /* AppDelegate.swift in Sources */ = {isa = PBXBuildFile; fileRef = 0F37EC341F113E7F00A57341 /* AppDelegate.swift */; };
		0F37EC371F113E7F00A57341 /* ViewController.swift in Sources */ = {isa = PBXBuildFile; fileRef = 0F37EC361F113E7F00A57341 /* ViewController.swift */; };
		0F37EC3A1F113E7F00A57341 /* Main.storyboard in Resources */ = {isa = PBXBuildFile; fileRef = 0F37EC381F113E7F00A57341 /* Main.storyboard */; };
		0F37EC3C1F113E7F00A57341 /* Assets.xcassets in Resources */ = {isa = PBXBuildFile; fileRef = 0F37EC3B1F113E7F00A57341 /* Assets.xcassets */; };
		0F37EC3F1F113E7F00A57341 /* LaunchScreen.storyboard in Resources */ = {isa = PBXBuildFile; fileRef = 0F37EC3D1F113E7F00A57341 /* LaunchScreen.storyboard */; };
/* End PBXBuildFile section */

/* Begin PBXFileReference section */
		0F173C561F113F1300AD3225 /* PhotoCollectionView.swift */ = {isa = PBXFileReference; fileEncoding = 4; lastKnownFileType = sourcecode.swift; name = PhotoCollectionView.swift; path = ../PhotoCollectionView/PhotoCollectionView.swift; sourceTree = "<group>"; };
		0F173C571F113F1300AD3225 /* PhotoView.swift */ = {isa = PBXFileReference; fileEncoding = 4; lastKnownFileType = sourcecode.swift; name = PhotoView.swift; path = ../PhotoCollectionView/PhotoView.swift; sourceTree = "<group>"; };
		0F37EC311F113E7F00A57341 /* PhotoCollectionDemo.app */ = {isa = PBXFileReference; explicitFileType = wrapper.application; includeInIndex = 0; path = PhotoCollectionDemo.app; sourceTree = BUILT_PRODUCTS_DIR; };
		0F37EC341F113E7F00A57341 /* AppDelegate.swift */ = {isa = PBXFileReference; lastKnownFileType = sourcecode.swift; path = AppDelegate.swift; sourceTree = "<group>"; };
		0F37EC361F113E7F00A57341 /* ViewController.swift */ = {isa = PBXFileReference; lastKnownFileType = sourcecode.swift; path = ViewController.swift; sourceTree = "<group>"; };
		0F37EC391F113E7F00A57341 /* Base */ = {isa = PBXFileReference; lastKnownFileType = file.storyboard; name = Base; path = Base.lproj/Main.storyboard; sourceTree = "<group>"; };
		0F37EC3B1F113E7F00A57341 /* Assets.xcassets */ = {isa = PBXFileReference; lastKnownFileType = folder.assetcatalog; path = Assets.xcassets; sourceTree = "<group>"; };
		0F37EC3E1F113E7F00A57341 /* Base */ = {isa = PBXFileReference; lastKnownFileType = file.storyboard; name = Base; path = Base.lproj/LaunchScreen.storyboard; sourceTree = "<group>"; };
		0F37EC401F113E7F00A57341 /* Info.plist */ = {isa = PBXFileReference; lastKnownFileType = text.plist.xml; path = Info.plist; sourceTree = "<group>"; };
/* End PBXFileReference section */

/* Begin PBXFrameworksBuildPhase section */
		0F37EC2E1F113E7F00A57341 /* Frameworks */ = {
			isa = PBXFrameworksBuildPhase;
			buildActionMask = 2147483647;
			files = (
			);
			runOnlyForDeploymentPostprocessing = 0;
		};
/* End PBXFrameworksBuildPhase section */

/* Begin PBXGroup section */
		0F173C551F113EFA00AD3225 /* PhotoCollectionView */ = {
			isa = PBXGroup;
			children = (
				0F173C561F113F1300AD3225 /* PhotoCollectionView.swift */,
				0F173C571F113F1300AD3225 /* PhotoView.swift */,
			);
			name = PhotoCollectionView;
			sourceTree = "<group>";
		};
		0F37EC281F113E7F00A57341 = {
			isa = PBXGroup;
			children = (
				0F173C551F113EFA00AD3225 /* PhotoCollectionView */,
				0F37EC331F113E7F00A57341 /* PhotoCollectionDemo */,
				0F37EC321F113E7F00A57341 /* Products */,
			);
			sourceTree = "<group>";
		};
		0F37EC321F113E7F00A57341 /* Products */ = {
			isa = PBXGroup;
			children = (
				0F37EC311F113E7F00A57341 /* PhotoCollectionDemo.app */,
			);
			name = Products;
			sourceTree = "<group>";
		};
		0F37EC331F113E7F00A57341 /* PhotoCollectionDemo */ = {
			isa = PBXGroup;
			children = (
				0F37EC341F113E7F00A57341 /* AppDelegate.swift */,
				0F37EC361F113E7F00A57341 /* ViewController.swift */,
				0F37EC381F113E7F00A57341 /* Main.storyboard */,
				0F37EC3B1F113E7F00A57341 /* Assets.xcassets */,
				0F37EC3D1F113E7F00A57341 /* LaunchScreen.storyboard */,
				0F37EC401F113E7F00A57341 /* Info.plist */,
			);
			path = PhotoCollectionDemo;
			sourceTree = "<group>";
		};
/* End PBXGroup section */

/* Begin PBXNativeTarget section */
		0F37EC301F113E7F00A57341 /* PhotoCollectionDemo */ = {
			isa = PBXNativeTarget;
			buildConfigurationList = 0F37EC431F113E7F00A57341 /* Build configuration list for PBXNativeTarget "PhotoCollectionDemo" */;
			buildPhases = (
				0F37EC2D1F113E7F00A57341 /* Sources */,
				0F37EC2E1F113E7F00A57341 /* Frameworks */,
				0F37EC2F1F113E7F00A57341 /* Resources */,
			);
			buildRules = (
			);
			dependencies = (
			);
			name = PhotoCollectionDemo;
			productName = PhotoCollectionDemo;
			productReference = 0F37EC311F113E7F00A57341 /* PhotoCollectionDemo.app */;
			productType = "com.apple.product-type.application";
		};
/* End PBXNativeTarget section */

/* Begin PBXProject section */
		0F37EC291F113E7F00A57341 /* Project object */ = {
			isa = PBXProject;
			attributes = {
				LastSwiftUpdateCheck = 0830;
				LastUpgradeCheck = 0830;
				ORGANIZATIONNAME = luantran;
				TargetAttributes = {
					0F37EC301F113E7F00A57341 = {
						CreatedOnToolsVersion = 8.3.2;
						ProvisioningStyle = Automatic;
					};
				};
			};
			buildConfigurationList = 0F37EC2C1F113E7F00A57341 /* Build configuration list for PBXProject "PhotoCollectionDemo" */;
			compatibilityVersion = "Xcode 3.2";
			developmentRegion = English;
			hasScannedForEncodings = 0;
			knownRegions = (
				en,
				Base,
			);
			mainGroup = 0F37EC281F113E7F00A57341;
			productRefGroup = 0F37EC321F113E7F00A57341 /* Products */;
			projectDirPath = "";
			projectRoot = "";
			targets = (
				0F37EC301F113E7F00A57341 /* PhotoCollectionDemo */,
			);
		};
/* End PBXProject section */

/* Begin PBXResourcesBuildPhase section */
		0F37EC2F1F113E7F00A57341 /* Resources */ = {
			isa = PBXResourcesBuildPhase;
			buildActionMask = 2147483647;
			files = (
				0F37EC3F1F113E7F00A57341 /* LaunchScreen.storyboard in Resources */,
				0F37EC3C1F113E7F00A57341 /* Assets.xcassets in Resources */,
				0F37EC3A1F113E7F00A57341 /* Main.storyboard in Resources */,
			);
			runOnlyForDeploymentPostprocessing = 0;
		};
/* End PBXResourcesBuildPhase section */

/* Begin PBXSourcesBuildPhase section */
		0F37EC2D1F113E7F00A57341 /* Sources */ = {
			isa = PBXSourcesBuildPhase;
			buildActionMask = 2147483647;
			files = (
				0F37EC371F113E7F00A57341 /* ViewController.swift in Sources */,
				0F37EC351F113E7F00A57341 /* AppDelegate.swift in Sources */,
				0F173C581F113F1300AD3225 /* PhotoCollectionView.swift in Sources */,
				0F173C591F113F1300AD3225 /* PhotoView.swift in Sources */,
			);
			runOnlyForDeploymentPostprocessing = 0;
		};
/* End PBXSourcesBuildPhase section */

/* Begin PBXVariantGroup section */
		0F37EC381F113E7F00A57341 /* Main.storyboard */ = {
			isa = PBXVariantGroup;
			children = (
				0F37EC391F113E7F00A57341 /* Base */,
			);
			name = Main.storyboard;
			sourceTree = "<group>";
		};
		0F37EC3D1F113E7F00A57341 /* LaunchScreen.storyboard */ = {
			isa = PBXVariantGroup;
			children = (
				0F37EC3E1F113E7F00A57341 /* Base */,
			);
			name = LaunchScreen.storyboard;
			sourceTree = "<group>";
		};
/* End PBXVariantGroup section */

/* Begin XCBuildConfiguration section */
		0F37EC411F113E7F00A57341 /* Debug */ = {
			isa = XCBuildConfiguration;
			buildSettings = {
				ALWAYS_SEARCH_USER_PATHS = NO;
				CLANG_ANALYZER_NONNULL = YES;
				CLANG_ANALYZER_NUMBER_OBJECT_CONVERSION = YES_AGGRESSIVE;
				CLANG_CXX_LANGUAGE_STANDARD = "gnu++0x";
				CLANG_CXX_LIBRARY = "libc++";
				CLANG_ENABLE_MODULES = YES;
				CLANG_ENABLE_OBJC_ARC = YES;
				CLANG_WARN_BOOL_CONVERSION = YES;
				CLANG_WARN_CONSTANT_CONVERSION = YES;
				CLANG_WARN_DIRECT_OBJC_ISA_USAGE = YES_ERROR;
				CLANG_WARN_DOCUMENTATION_COMMENTS = YES;
				CLANG_WARN_EMPTY_BODY = YES;
				CLANG_WARN_ENUM_CONVERSION = YES;
				CLANG_WARN_INFINITE_RECURSION = YES;
				CLANG_WARN_INT_CONVERSION = YES;
				CLANG_WARN_OBJC_ROOT_CLASS = YES_ERROR;
				CLANG_WARN_SUSPICIOUS_MOVE = YES;
				CLANG_WARN_UNREACHABLE_CODE = YES;
				CLANG_WARN__DUPLICATE_METHOD_MATCH = YES;
				"CODE_SIGN_IDENTITY[sdk=iphoneos*]" = "iPhone Developer";
				COPY_PHASE_STRIP = NO;
				DEBUG_INFORMATION_FORMAT = dwarf;
				ENABLE_STRICT_OBJC_MSGSEND = YES;
				ENABLE_TESTABILITY = YES;
				GCC_C_LANGUAGE_STANDARD = gnu99;
				GCC_DYNAMIC_NO_PIC = NO;
				GCC_NO_COMMON_BLOCKS = YES;
				GCC_OPTIMIZATION_LEVEL = 0;
				GCC_PREPROCESSOR_DEFINITIONS = (
					"DEBUG=1",
					"$(inherited)",
				);
				GCC_WARN_64_TO_32_BIT_CONVERSION = YES;
				GCC_WARN_ABOUT_RETURN_TYPE = YES_ERROR;
				GCC_WARN_UNDECLARED_SELECTOR = YES;
				GCC_WARN_UNINITIALIZED_AUTOS = YES_AGGRESSIVE;
				GCC_WARN_UNUSED_FUNCTION = YES;
				GCC_WARN_UNUSED_VARIABLE = YES;
				IPHONEOS_DEPLOYMENT_TARGET = 10.3;
				MTL_ENABLE_DEBUG_INFO = YES;
				ONLY_ACTIVE_ARCH = YES;
				SDKROOT = iphoneos;
				SWIFT_ACTIVE_COMPILATION_CONDITIONS = DEBUG;
				SWIFT_OPTIMIZATION_LEVEL = "-Onone";
			};
			name = Debug;
		};
		0F37EC421F113E7F00A57341 /* Release */ = {
			isa = XCBuildConfiguration;
			buildSettings = {
				ALWAYS_SEARCH_USER_PATHS = NO;
				CLANG_ANALYZER_NONNULL = YES;
				CLANG_ANALYZER_NUMBER_OBJECT_CONVERSION = YES_AGGRESSIVE;
				CLANG_CXX_LANGUAGE_STANDARD = "gnu++0x";
				CLANG_CXX_LIBRARY = "libc++";
				CLANG_ENABLE_MODULES = YES;
				CLANG_ENABLE_OBJC_ARC = YES;
				CLANG_WARN_BOOL_CONVERSION = YES;
				CLANG_WARN_CONSTANT_CONVERSION = YES;
				CLANG_WARN_DIRECT_OBJC_ISA_USAGE = YES_ERROR;
				CLANG_WARN_DOCUMENTATION_COMMENTS = YES;
				CLANG_WARN_EMPTY_BODY = YES;
				CLANG_WARN_ENUM_CONVERSION = YES;
				CLANG_WARN_INFINITE_RECURSION = YES;
				CLANG_WARN_INT_CONVERSION = YES;
				CLANG_WARN_OBJC_ROOT_CLASS = YES_ERROR;
				CLANG_WARN_SUSPICIOUS_MOVE = YES;
				CLANG_WARN_UNREACHABLE_CODE = YES;
				CLANG_WARN__DUPLICATE_METHOD_MATCH = YES;
				"CODE_SIGN_IDENTITY[sdk=iphoneos*]" = "iPhone Developer";
				COPY_PHASE_STRIP = NO;
				DEBUG_INFORMATION_FORMAT = "dwarf-with-dsym";
				ENABLE_NS_ASSERTIONS = NO;
				ENABLE_STRICT_OBJC_MSGSEND = YES;
				GCC_C_LANGUAGE_STANDARD = gnu99;
				GCC_NO_COMMON_BLOCKS = YES;
				GCC_WARN_64_TO_32_BIT_CONVERSION = YES;
				GCC_WARN_ABOUT_RETURN_TYPE = YES_ERROR;
				GCC_WARN_UNDECLARED_SELECTOR = YES;
				GCC_WARN_UNINITIALIZED_AUTOS = YES_AGGRESSIVE;
				GCC_WARN_UNUSED_FUNCTION = YES;
				GCC_WARN_UNUSED_VARIABLE = YES;
				IPHONEOS_DEPLOYMENT_TARGET = 10.3;
				MTL_ENABLE_DEBUG_INFO = NO;
				SDKROOT = iphoneos;
				SWIFT_OPTIMIZATION_LEVEL = "-Owholemodule";
				VALIDATE_PRODUCT = YES;
			};
			name = Release;
		};
		0F37EC441F113E7F00A57341 /* Debug */ = {
			isa = XCBuildConfiguration;
			buildSettings = {
				ASSETCATALOG_COMPILER_APPICON_NAME = AppIcon;
				INFOPLIST_FILE = PhotoCollectionDemo/Info.plist;
				IPHONEOS_DEPLOYMENT_TARGET = 8.0;
				LD_RUNPATH_SEARCH_PATHS = "$(inherited) @executable_path/Frameworks";
				PRODUCT_BUNDLE_IDENTIFIER = luantran.PhotoCollectionDemo;
				PRODUCT_NAME = "$(TARGET_NAME)";
				SWIFT_VERSION = 3.0;
			};
			name = Debug;
		};
		0F37EC451F113E7F00A57341 /* Release */ = {
			isa = XCBuildConfiguration;
			buildSettings = {
				ASSETCATALOG_COMPILER_APPICON_NAME = AppIcon;
				INFOPLIST_FILE = PhotoCollectionDemo/Info.plist;
				IPHONEOS_DEPLOYMENT_TARGET = 8.0;
				LD_RUNPATH_SEARCH_PATHS = "$(inherited) @executable_path/Frameworks";
				PRODUCT_BUNDLE_IDENTIFIER = luantran.PhotoCollectionDemo;
				PRODUCT_NAME = "$(TARGET_NAME)";
				SWIFT_VERSION = 3.0;
			};
			name = Release;
		};
/* End XCBuildConfiguration section */

/* Begin XCConfigurationList section */
		0F37EC2C1F113E7F00A57341 /* Build configuration list for PBXProject "PhotoCollectionDemo" */ = {
			isa = XCConfigurationList;
			buildConfigurations = (
				0F37EC411F113E7F00A57341 /* Debug */,
				0F37EC421F113E7F00A57341 /* Release */,
			);
			defaultConfigurationIsVisible = 0;
			defaultConfigurationName = Release;
		};
		0F37EC431F113E7F00A57341 /* Build configuration list for PBXNativeTarget "PhotoCollectionDemo" */ = {
			isa = XCConfigurationList;
			buildConfigurations = (
				0F37EC441F113E7F00A57341 /* Debug */,
				0F37EC451F113E7F00A57341 /* Release */,
			);
			defaultConfigurationIsVisible = 0;
			defaultConfigurationName = Release;
		};
/* End XCConfigurationList section */
	};
	rootObject = 0F37EC291F113E7F00A57341 /* Project object */;
}
